
Microsoft Visual Studio Solution File, Format Version 12.00
# Visual Studio Version 17
VisualStudioVersion = 17.14.36518.9 d17.14
MinimumVisualStudioVersion = 10.0.40219.1
Project("{FAE04EC0-301F-11D3-BF4B-00C04F79EFBC}") = "Arena.AI", "Arena.AI.csproj", "{ADC96548-B42A-434F-98BE-944161C991FF}"
	ProjectSection(ProjectDependencies) = postProject
		{6DA191F2-2D77-488F-8097-7CBBAAE00E6A} = {6DA191F2-2D77-488F-8097-7CBBAAE00E6A}
	EndProjectSection
EndProject
Project("{FAE04EC0-301F-11D3-BF4B-00C04F79EFBC}") = "Arena.AI.Core", "..\Arena.AI.Core\Arena.AI.Core.csproj", "{6DA191F2-2D77-488F-8097-7CBBAAE00E6A}"
EndProject
Global
	GlobalSection(SolutionConfigurationPlatforms) = preSolution
		Debug|Any CPU = Debug|Any CPU
		Release|Any CPU = Release|Any CPU
	EndGlobalSection
	GlobalSection(ProjectConfigurationPlatforms) = postSolution
		{ADC96548-B42A-434F-98BE-944161C991FF}.Debug|Any CPU.ActiveCfg = Debug|Any CPU
		{ADC96548-B42A-434F-98BE-944161C991FF}.Debug|Any CPU.Build.0 = Debug|Any CPU
		{ADC96548-B42A-434F-98BE-944161C991FF}.Release|Any CPU.ActiveCfg = Release|Any CPU
		{ADC96548-B42A-434F-98BE-944161C991FF}.Release|Any CPU.Build.0 = Release|Any CPU
		{6DA191F2-2D77-488F-8097-7CBBAAE00E6A}.Debug|Any CPU.ActiveCfg = Debug|Any CPU
		{6DA191F2-2D77-488F-8097-7CBBAAE00E6A}.Debug|Any CPU.Build.0 = Debug|Any CPU
		{6DA191F2-2D77-488F-8097-7CBBAAE00E6A}.Release|Any CPU.ActiveCfg = Release|Any CPU
		{6DA191F2-2D77-488F-8097-7CBBAAE00E6A}.Release|Any CPU.Build.0 = Release|Any CPU
	EndGlobalSection
	GlobalSection(SolutionProperties) = preSolution
		HideSolutionNode = FALSE
	EndGlobalSection
	GlobalSection(ExtensibilityGlobals) = postSolution
		SolutionGuid = {09E0CAC4-3119-4CC4-BB86-F009A3523E86}
	EndGlobalSection
EndGlobal
